<?xml version="1.0" encoding="utf-8"?>
<Project ToolsVersion="4.0" xmlns="http://schemas.microsoft.com/developer/msbuild/2003">
  <ItemGroup>
    <Filter Include="Panel API">
      <UniqueIdentifier>{932803b1-cf42-4962-b3d2-ff23d86e6176}</UniqueIdentifier>
    </Filter>
    <Filter Include="Helpers">
      <UniqueIdentifier>{d707b04a-bc64-487b-9521-f978141b767c}</UniqueIdentifier>
    </Filter>
    <Filter Include="CUI">
      <UniqueIdentifier>{7a66e265-f879-46f3-9d28-8c3f89679695}</UniqueIdentifier>
    </Filter>
  </ItemGroup>
  <ItemGroup>
    <ClInclude Include="..\columns_ui-sdk\base.h">
      <Filter>Panel API</Filter>
    </ClInclude>
    <ClInclude Include="..\columns_ui-sdk\buttons.h">
      <Filter>Panel API</Filter>
    </ClInclude>
    <ClInclude Include="..\columns_ui-sdk\menu.h">
      <Filter>Panel API</Filter>
    </ClInclude>
    <ClInclude Include="..\columns_ui-sdk\splitter.h">
      <Filter>Panel API</Filter>
    </ClInclude>
    <ClInclude Include="..\columns_ui-sdk\visualisation.h">
      <Filter>Panel API</Filter>
    </ClInclude>
    <ClInclude Include="..\columns_ui-sdk\window.h">
      <Filter>Panel API</Filter>
    </ClInclude>
    <ClInclude Include="..\columns_ui-sdk\window_host.h">
      <Filter>Panel API</Filter>
    </ClInclude>
    <ClInclude Include="..\columns_ui-sdk\imp_helper.h">
      <Filter>Helpers</Filter>
    </ClInclude>
    <ClInclude Include="..\columns_ui-sdk\win32_helpers.h">
      <Filter>Helpers</Filter>
    </ClInclude>
    <ClInclude Include="..\columns_ui-sdk\window_helper.h">
      <Filter>Helpers</Filter>
    </ClInclude>
    <ClInclude Include="..\columns_ui-sdk\columns_ui.h">
      <Filter>CUI</Filter>
    </ClInclude>
    <ClInclude Include="..\columns_ui-sdk\columns_ui_appearance.h">
      <Filter>CUI</Filter>
    </ClInclude>
    <ClInclude Include="..\columns_ui-sdk\ui_extension.h" />
  </ItemGroup>
  <ItemGroup>
    <ClCompile Include="..\columns_ui-sdk\win32_helpers.cpp">
      <Filter>Helpers</Filter>
    </ClCompile>
    <ClCompile Include="..\columns_ui-sdk\window_helper.cpp">
      <Filter>Helpers</Filter>
    </ClCompile>
    <ClCompile Include="..\columns_ui-sdk\columns_ui.cpp">
      <Filter>CUI</Filter>
    </ClCompile>
    <ClCompile Include="..\columns_ui-sdk\ui_extension.cpp" />
  </ItemGroup>
</Project>